
Microsoft Visual Studio Solution File, Format Version 12.00
# Visual Studio Version 17
VisualStudioVersion = 17.7.34024.191
MinimumVisualStudioVersion = 10.0.40219.1
Project("{9A19103F-16F7-4668-BE54-9A1E7A4F7556}") = "PizzaDelivery.WebAPI", "PizzaDelivery.WebAPI\PizzaDelivery.WebAPI.csproj", "{DC34E327-8554-4F7D-869D-3278AF573787}"
EndProject
Project("{9A19103F-16F7-4668-BE54-9A1E7A4F7556}") = "PizzaDelivery.BL", "PizzaDelivery.BL\PizzaDelivery.BL.csproj", "{911DB1F6-5FBA-4C35-9F57-5993970D29F0}"
EndProject
Project("{9A19103F-16F7-4668-BE54-9A1E7A4F7556}") = "PizzaDelivery.DataAccess", "PizzaDelivery.DataAccess\PizzaDelivery.DataAccess.csproj", "{42B3511E-BE9C-4FE9-A439-A698CCDE6833}"
EndProject
Project("{9A19103F-16F7-4668-BE54-9A1E7A4F7556}") = "PizzaDelivery.UnitTest", "PizzaDelivery.UnitTest\PizzaDelivery.UnitTest.csproj", "{D319D695-F9EA-437B-A85A-EB39D5DB7842}"
EndProject
Global
	GlobalSection(SolutionConfigurationPlatforms) = preSolution
		Debug|Any CPU = Debug|Any CPU
		Release|Any CPU = Release|Any CPU
	EndGlobalSection
	GlobalSection(ProjectConfigurationPlatforms) = postSolution
		{DC34E327-8554-4F7D-869D-3278AF573787}.Debug|Any CPU.ActiveCfg = Debug|Any CPU
		{DC34E327-8554-4F7D-869D-3278AF573787}.Debug|Any CPU.Build.0 = Debug|Any CPU
		{DC34E327-8554-4F7D-869D-3278AF573787}.Release|Any CPU.ActiveCfg = Release|Any CPU
		{DC34E327-8554-4F7D-869D-3278AF573787}.Release|Any CPU.Build.0 = Release|Any CPU
		{911DB1F6-5FBA-4C35-9F57-5993970D29F0}.Debug|Any CPU.ActiveCfg = Debug|Any CPU
		{911DB1F6-5FBA-4C35-9F57-5993970D29F0}.Debug|Any CPU.Build.0 = Debug|Any CPU
		{911DB1F6-5FBA-4C35-9F57-5993970D29F0}.Release|Any CPU.ActiveCfg = Release|Any CPU
		{911DB1F6-5FBA-4C35-9F57-5993970D29F0}.Release|Any CPU.Build.0 = Release|Any CPU
		{42B3511E-BE9C-4FE9-A439-A698CCDE6833}.Debug|Any CPU.ActiveCfg = Debug|Any CPU
		{42B3511E-BE9C-4FE9-A439-A698CCDE6833}.Debug|Any CPU.Build.0 = Debug|Any CPU
		{42B3511E-BE9C-4FE9-A439-A698CCDE6833}.Release|Any CPU.ActiveCfg = Release|Any CPU
		{42B3511E-BE9C-4FE9-A439-A698CCDE6833}.Release|Any CPU.Build.0 = Release|Any CPU
		{D319D695-F9EA-437B-A85A-EB39D5DB7842}.Debug|Any CPU.ActiveCfg = Debug|Any CPU
		{D319D695-F9EA-437B-A85A-EB39D5DB7842}.Debug|Any CPU.Build.0 = Debug|Any CPU
		{D319D695-F9EA-437B-A85A-EB39D5DB7842}.Release|Any CPU.ActiveCfg = Release|Any CPU
		{D319D695-F9EA-437B-A85A-EB39D5DB7842}.Release|Any CPU.Build.0 = Release|Any CPU
	EndGlobalSection
	GlobalSection(SolutionProperties) = preSolution
		HideSolutionNode = FALSE
	EndGlobalSection
	GlobalSection(ExtensibilityGlobals) = postSolution
		SolutionGuid = {700E919B-9159-4A2A-92A3-4A66EDFB682B}
	EndGlobalSection
EndGlobal
